
Microsoft Visual Studio Solution File, Format Version 12.00
# Visual Studio Version 16
VisualStudioVersion = 16.0.31112.23
MinimumVisualStudioVersion = 10.0.40219.1
Project("{FAE04EC0-301F-11D3-BF4B-00C04F79EFBC}") = "BackPack", "BackPack\BackPack.csproj", "{20634FE9-A76C-473C-943D-2B6384859194}"
EndProject
Global
	GlobalSection(SolutionConfigurationPlatforms) = preSolution
		Debug|Any CPU = Debug|Any CPU
		Release|Any CPU = Release|Any CPU
	EndGlobalSection
	GlobalSection(ProjectConfigurationPlatforms) = postSolution
		{20634FE9-A76C-473C-943D-2B6384859194}.Debug|Any CPU.ActiveCfg = Debug|Any CPU
		{20634FE9-A76C-473C-943D-2B6384859194}.Debug|Any CPU.Build.0 = Debug|Any CPU
		{20634FE9-A76C-473C-943D-2B6384859194}.Release|Any CPU.ActiveCfg = Release|Any CPU
		{20634FE9-A76C-473C-943D-2B6384859194}.Release|Any CPU.Build.0 = Release|Any CPU
	EndGlobalSection
	GlobalSection(SolutionProperties) = preSolution
		HideSolutionNode = FALSE
	EndGlobalSection
	GlobalSection(ExtensibilityGlobals) = postSolution
		SolutionGuid = {88EA04A8-A3FC-4608-851A-49FD9BA9ACDA}
	EndGlobalSection
EndGlobal
